// !$*UTF8*$!
{
	archiveVersion = 1;
	classes = {
	};
	objectVersion = 55;
	objects = {

/* Begin PBXBuildFile section */
		42138A4A28DB99310022AE2D /* FooterView.swift in Sources */ = {isa = PBXBuildFile; fileRef = 42138A4928DB99310022AE2D /* FooterView.swift */; };
		42138A4C28DBA6E30022AE2D /* NavigationBarView.swift in Sources */ = {isa = PBXBuildFile; fileRef = 42138A4B28DBA6E30022AE2D /* NavigationBarView.swift */; };
		4288490528DB8F000006CC29 /* SportProductsApp.swift in Sources */ = {isa = PBXBuildFile; fileRef = 4288490428DB8F000006CC29 /* SportProductsApp.swift */; };
		4288490728DB8F000006CC29 /* ContentView.swift in Sources */ = {isa = PBXBuildFile; fileRef = 4288490628DB8F000006CC29 /* ContentView.swift */; };
		4288490928DB8F010006CC29 /* Assets.xcassets in Resources */ = {isa = PBXBuildFile; fileRef = 4288490828DB8F010006CC29 /* Assets.xcassets */; };
		4288490C28DB8F010006CC29 /* Preview Assets.xcassets in Resources */ = {isa = PBXBuildFile; fileRef = 4288490B28DB8F010006CC29 /* Preview Assets.xcassets */; };
		4288491728DB90550006CC29 /* brand.json in Resources */ = {isa = PBXBuildFile; fileRef = 4288491328DB90550006CC29 /* brand.json */; };
		4288491828DB90550006CC29 /* player.json in Resources */ = {isa = PBXBuildFile; fileRef = 4288491428DB90550006CC29 /* player.json */; };
		4288491928DB90550006CC29 /* category.json in Resources */ = {isa = PBXBuildFile; fileRef = 4288491528DB90550006CC29 /* category.json */; };
		4288491A28DB90550006CC29 /* product.json in Resources */ = {isa = PBXBuildFile; fileRef = 4288491628DB90550006CC29 /* product.json */; };
		4288492428DB92AB0006CC29 /* Constant.swift in Sources */ = {isa = PBXBuildFile; fileRef = 4288492328DB92AB0006CC29 /* Constant.swift */; };
/* End PBXBuildFile section */

/* Begin PBXFileReference section */
		42138A4928DB99310022AE2D /* FooterView.swift */ = {isa = PBXFileReference; lastKnownFileType = sourcecode.swift; path = FooterView.swift; sourceTree = "<group>"; };
		42138A4B28DBA6E30022AE2D /* NavigationBarView.swift */ = {isa = PBXFileReference; lastKnownFileType = sourcecode.swift; path = NavigationBarView.swift; sourceTree = "<group>"; };
		4288490128DB8EFF0006CC29 /* SportProducts.app */ = {isa = PBXFileReference; explicitFileType = wrapper.application; includeInIndex = 0; path = SportProducts.app; sourceTree = BUILT_PRODUCTS_DIR; };
		4288490428DB8F000006CC29 /* SportProductsApp.swift */ = {isa = PBXFileReference; lastKnownFileType = sourcecode.swift; path = SportProductsApp.swift; sourceTree = "<group>"; };
		4288490628DB8F000006CC29 /* ContentView.swift */ = {isa = PBXFileReference; lastKnownFileType = sourcecode.swift; path = ContentView.swift; sourceTree = "<group>"; };
		4288490828DB8F010006CC29 /* Assets.xcassets */ = {isa = PBXFileReference; lastKnownFileType = folder.assetcatalog; path = Assets.xcassets; sourceTree = "<group>"; };
		4288490B28DB8F010006CC29 /* Preview Assets.xcassets */ = {isa = PBXFileReference; lastKnownFileType = folder.assetcatalog; path = "Preview Assets.xcassets"; sourceTree = "<group>"; };
		4288491328DB90550006CC29 /* brand.json */ = {isa = PBXFileReference; fileEncoding = 4; lastKnownFileType = text.json; path = brand.json; sourceTree = "<group>"; };
		4288491428DB90550006CC29 /* player.json */ = {isa = PBXFileReference; fileEncoding = 4; lastKnownFileType = text.json; path = player.json; sourceTree = "<group>"; };
		4288491528DB90550006CC29 /* category.json */ = {isa = PBXFileReference; fileEncoding = 4; lastKnownFileType = text.json; path = category.json; sourceTree = "<group>"; };
		4288491628DB90550006CC29 /* product.json */ = {isa = PBXFileReference; fileEncoding = 4; lastKnownFileType = text.json; path = product.json; sourceTree = "<group>"; };
		4288491B28DB91430006CC29 /* Info.plist */ = {isa = PBXFileReference; lastKnownFileType = text.plist; path = Info.plist; sourceTree = "<group>"; };
		4288492328DB92AB0006CC29 /* Constant.swift */ = {isa = PBXFileReference; lastKnownFileType = sourcecode.swift; path = Constant.swift; sourceTree = "<group>"; };
/* End PBXFileReference section */

/* Begin PBXFrameworksBuildPhase section */
		428848FE28DB8EFF0006CC29 /* Frameworks */ = {
			isa = PBXFrameworksBuildPhase;
			buildActionMask = 2147483647;
			files = (
			);
			runOnlyForDeploymentPostprocessing = 0;
		};
/* End PBXFrameworksBuildPhase section */

/* Begin PBXGroup section */
		428848F828DB8EFF0006CC29 = {
			isa = PBXGroup;
			children = (
				4288490328DB8EFF0006CC29 /* SportProducts */,
				4288490228DB8EFF0006CC29 /* Products */,
			);
			sourceTree = "<group>";
		};
		4288490228DB8EFF0006CC29 /* Products */ = {
			isa = PBXGroup;
			children = (
				4288490128DB8EFF0006CC29 /* SportProducts.app */,
			);
			name = Products;
			sourceTree = "<group>";
		};
		4288490328DB8EFF0006CC29 /* SportProducts */ = {
			isa = PBXGroup;
			children = (
				4288491C28DB920C0006CC29 /* App */,
				4288491D28DB92130006CC29 /* Views */,
				4288491228DB904A0006CC29 /* Data */,
				4288492028DB92360006CC29 /* Model */,
				4288492128DB92420006CC29 /* Extensions */,
				4288492228DB924A0006CC29 /* Utilities */,
				4288491B28DB91430006CC29 /* Info.plist */,
				4288490828DB8F010006CC29 /* Assets.xcassets */,
				4288490A28DB8F010006CC29 /* Preview Content */,
			);
			path = SportProducts;
			sourceTree = "<group>";
		};
		4288490A28DB8F010006CC29 /* Preview Content */ = {
			isa = PBXGroup;
			children = (
				4288490B28DB8F010006CC29 /* Preview Assets.xcassets */,
			);
			path = "Preview Content";
			sourceTree = "<group>";
		};
		4288491228DB904A0006CC29 /* Data */ = {
			isa = PBXGroup;
			children = (
				4288491328DB90550006CC29 /* brand.json */,
				4288491528DB90550006CC29 /* category.json */,
				4288491428DB90550006CC29 /* player.json */,
				4288491628DB90550006CC29 /* product.json */,
			);
			path = Data;
			sourceTree = "<group>";
		};
		4288491C28DB920C0006CC29 /* App */ = {
			isa = PBXGroup;
			children = (
				4288490428DB8F000006CC29 /* SportProductsApp.swift */,
				4288490628DB8F000006CC29 /* ContentView.swift */,
			);
			path = App;
			sourceTree = "<group>";
		};
		4288491D28DB92130006CC29 /* Views */ = {
			isa = PBXGroup;
			children = (
				4288491F28DB922B0006CC29 /* Home */,
				4288491E28DB921F0006CC29 /* Detail */,
			);
			path = Views;
			sourceTree = "<group>";
		};
		4288491E28DB921F0006CC29 /* Detail */ = {
			isa = PBXGroup;
			children = (
			);
			path = Detail;
			sourceTree = "<group>";
		};
		4288491F28DB922B0006CC29 /* Home */ = {
			isa = PBXGroup;
			children = (
				42138A4928DB99310022AE2D /* FooterView.swift */,
				42138A4B28DBA6E30022AE2D /* NavigationBarView.swift */,
			);
			path = Home;
			sourceTree = "<group>";
		};
		4288492028DB92360006CC29 /* Model */ = {
			isa = PBXGroup;
			children = (
			);
			path = Model;
			sourceTree = "<group>";
		};
		4288492128DB92420006CC29 /* Extensions */ = {
			isa = PBXGroup;
			children = (
			);
			path = Extensions;
			sourceTree = "<group>";
		};
		4288492228DB924A0006CC29 /* Utilities */ = {
			isa = PBXGroup;
			children = (
				4288492328DB92AB0006CC29 /* Constant.swift */,
			);
			path = Utilities;
			sourceTree = "<group>";
		};
/* End PBXGroup section */

/* Begin PBXNativeTarget section */
		4288490028DB8EFF0006CC29 /* SportProducts */ = {
			isa = PBXNativeTarget;
			buildConfigurationList = 4288490F28DB8F010006CC29 /* Build configuration list for PBXNativeTarget "SportProducts" */;
			buildPhases = (
				428848FD28DB8EFF0006CC29 /* Sources */,
				428848FE28DB8EFF0006CC29 /* Frameworks */,
				428848FF28DB8EFF0006CC29 /* Resources */,
			);
			buildRules = (
			);
			dependencies = (
			);
			name = SportProducts;
			productName = SportProducts;
			productReference = 4288490128DB8EFF0006CC29 /* SportProducts.app */;
			productType = "com.apple.product-type.application";
		};
/* End PBXNativeTarget section */

/* Begin PBXProject section */
		428848F928DB8EFF0006CC29 /* Project object */ = {
			isa = PBXProject;
			attributes = {
				BuildIndependentTargetsInParallel = 1;
				LastSwiftUpdateCheck = 1310;
				LastUpgradeCheck = 1310;
				TargetAttributes = {
					4288490028DB8EFF0006CC29 = {
						CreatedOnToolsVersion = 13.1;
					};
				};
			};
			buildConfigurationList = 428848FC28DB8EFF0006CC29 /* Build configuration list for PBXProject "SportProducts" */;
			compatibilityVersion = "Xcode 13.0";
			developmentRegion = en;
			hasScannedForEncodings = 0;
			knownRegions = (
				en,
				Base,
			);
			mainGroup = 428848F828DB8EFF0006CC29;
			productRefGroup = 4288490228DB8EFF0006CC29 /* Products */;
			projectDirPath = "";
			projectRoot = "";
			targets = (
				4288490028DB8EFF0006CC29 /* SportProducts */,
			);
		};
/* End PBXProject section */

/* Begin PBXResourcesBuildPhase section */
		428848FF28DB8EFF0006CC29 /* Resources */ = {
			isa = PBXResourcesBuildPhase;
			buildActionMask = 2147483647;
			files = (
				4288491828DB90550006CC29 /* player.json in Resources */,
				4288490C28DB8F010006CC29 /* Preview Assets.xcassets in Resources */,
				4288491928DB90550006CC29 /* category.json in Resources */,
				4288490928DB8F010006CC29 /* Assets.xcassets in Resources */,
				4288491728DB90550006CC29 /* brand.json in Resources */,
				4288491A28DB90550006CC29 /* product.json in Resources */,
			);
			runOnlyForDeploymentPostprocessing = 0;
		};
/* End PBXResourcesBuildPhase section */

/* Begin PBXSourcesBuildPhase section */
		428848FD28DB8EFF0006CC29 /* Sources */ = {
			isa = PBXSourcesBuildPhase;
			buildActionMask = 2147483647;
			files = (
				4288490728DB8F000006CC29 /* ContentView.swift in Sources */,
				42138A4A28DB99310022AE2D /* FooterView.swift in Sources */,
				4288490528DB8F000006CC29 /* SportProductsApp.swift in Sources */,
				4288492428DB92AB0006CC29 /* Constant.swift in Sources */,
				42138A4C28DBA6E30022AE2D /* NavigationBarView.swift in Sources */,
			);
			runOnlyForDeploymentPostprocessing = 0;
		};
/* End PBXSourcesBuildPhase section */

/* Begin XCBuildConfiguration section */
		4288490D28DB8F010006CC29 /* Debug */ = {
			isa = XCBuildConfiguration;
			buildSettings = {
				ALWAYS_SEARCH_USER_PATHS = NO;
				CLANG_ANALYZER_NONNULL = YES;
				CLANG_ANALYZER_NUMBER_OBJECT_CONVERSION = YES_AGGRESSIVE;
				CLANG_CXX_LANGUAGE_STANDARD = "gnu++17";
				CLANG_CXX_LIBRARY = "libc++";
				CLANG_ENABLE_MODULES = YES;
				CLANG_ENABLE_OBJC_ARC = YES;
				CLANG_ENABLE_OBJC_WEAK = YES;
				CLANG_WARN_BLOCK_CAPTURE_AUTORELEASING = YES;
				CLANG_WARN_BOOL_CONVERSION = YES;
				CLANG_WARN_COMMA = YES;
				CLANG_WARN_CONSTANT_CONVERSION = YES;
				CLANG_WARN_DEPRECATED_OBJC_IMPLEMENTATIONS = YES;
				CLANG_WARN_DIRECT_OBJC_ISA_USAGE = YES_ERROR;
				CLANG_WARN_DOCUMENTATION_COMMENTS = YES;
				CLANG_WARN_EMPTY_BODY = YES;
				CLANG_WARN_ENUM_CONVERSION = YES;
				CLANG_WARN_INFINITE_RECURSION = YES;
				CLANG_WARN_INT_CONVERSION = YES;
				CLANG_WARN_NON_LITERAL_NULL_CONVERSION = YES;
				CLANG_WARN_OBJC_IMPLICIT_RETAIN_SELF = YES;
				CLANG_WARN_OBJC_LITERAL_CONVERSION = YES;
				CLANG_WARN_OBJC_ROOT_CLASS = YES_ERROR;
				CLANG_WARN_QUOTED_INCLUDE_IN_FRAMEWORK_HEADER = YES;
				CLANG_WARN_RANGE_LOOP_ANALYSIS = YES;
				CLANG_WARN_STRICT_PROTOTYPES = YES;
				CLANG_WARN_SUSPICIOUS_MOVE = YES;
				CLANG_WARN_UNGUARDED_AVAILABILITY = YES_AGGRESSIVE;
				CLANG_WARN_UNREACHABLE_CODE = YES;
				CLANG_WARN__DUPLICATE_METHOD_MATCH = YES;
				COPY_PHASE_STRIP = NO;
				DEBUG_INFORMATION_FORMAT = dwarf;
				ENABLE_STRICT_OBJC_MSGSEND = YES;
				ENABLE_TESTABILITY = YES;
				GCC_C_LANGUAGE_STANDARD = gnu11;
				GCC_DYNAMIC_NO_PIC = NO;
				GCC_NO_COMMON_BLOCKS = YES;
				GCC_OPTIMIZATION_LEVEL = 0;
				GCC_PREPROCESSOR_DEFINITIONS = (
					"DEBUG=1",
					"$(inherited)",
				);
				GCC_WARN_64_TO_32_BIT_CONVERSION = YES;
				GCC_WARN_ABOUT_RETURN_TYPE = YES_ERROR;
				GCC_WARN_UNDECLARED_SELECTOR = YES;
				GCC_WARN_UNINITIALIZED_AUTOS = YES_AGGRESSIVE;
				GCC_WARN_UNUSED_FUNCTION = YES;
				GCC_WARN_UNUSED_VARIABLE = YES;
				IPHONEOS_DEPLOYMENT_TARGET = 15.0;
				MTL_ENABLE_DEBUG_INFO = INCLUDE_SOURCE;
				MTL_FAST_MATH = YES;
				ONLY_ACTIVE_ARCH = YES;
				SDKROOT = iphoneos;
				SWIFT_ACTIVE_COMPILATION_CONDITIONS = DEBUG;
				SWIFT_OPTIMIZATION_LEVEL = "-Onone";
			};
			name = Debug;
		};
		4288490E28DB8F010006CC29 /* Release */ = {
			isa = XCBuildConfiguration;
			buildSettings = {
				ALWAYS_SEARCH_USER_PATHS = NO;
				CLANG_ANALYZER_NONNULL = YES;
				CLANG_ANALYZER_NUMBER_OBJECT_CONVERSION = YES_AGGRESSIVE;
				CLANG_CXX_LANGUAGE_STANDARD = "gnu++17";
				CLANG_CXX_LIBRARY = "libc++";
				CLANG_ENABLE_MODULES = YES;
				CLANG_ENABLE_OBJC_ARC = YES;
				CLANG_ENABLE_OBJC_WEAK = YES;
				CLANG_WARN_BLOCK_CAPTURE_AUTORELEASING = YES;
				CLANG_WARN_BOOL_CONVERSION = YES;
				CLANG_WARN_COMMA = YES;
				CLANG_WARN_CONSTANT_CONVERSION = YES;
				CLANG_WARN_DEPRECATED_OBJC_IMPLEMENTATIONS = YES;
				CLANG_WARN_DIRECT_OBJC_ISA_USAGE = YES_ERROR;
				CLANG_WARN_DOCUMENTATION_COMMENTS = YES;
				CLANG_WARN_EMPTY_BODY = YES;
				CLANG_WARN_ENUM_CONVERSION = YES;
				CLANG_WARN_INFINITE_RECURSION = YES;
				CLANG_WARN_INT_CONVERSION = YES;
				CLANG_WARN_NON_LITERAL_NULL_CONVERSION = YES;
				CLANG_WARN_OBJC_IMPLICIT_RETAIN_SELF = YES;
				CLANG_WARN_OBJC_LITERAL_CONVERSION = YES;
				CLANG_WARN_OBJC_ROOT_CLASS = YES_ERROR;
				CLANG_WARN_QUOTED_INCLUDE_IN_FRAMEWORK_HEADER = YES;
				CLANG_WARN_RANGE_LOOP_ANALYSIS = YES;
				CLANG_WARN_STRICT_PROTOTYPES = YES;
				CLANG_WARN_SUSPICIOUS_MOVE = YES;
				CLANG_WARN_UNGUARDED_AVAILABILITY = YES_AGGRESSIVE;
				CLANG_WARN_UNREACHABLE_CODE = YES;
				CLANG_WARN__DUPLICATE_METHOD_MATCH = YES;
				COPY_PHASE_STRIP = NO;
				DEBUG_INFORMATION_FORMAT = "dwarf-with-dsym";
				ENABLE_NS_ASSERTIONS = NO;
				ENABLE_STRICT_OBJC_MSGSEND = YES;
				GCC_C_LANGUAGE_STANDARD = gnu11;
				GCC_NO_COMMON_BLOCKS = YES;
				GCC_WARN_64_TO_32_BIT_CONVERSION = YES;
				GCC_WARN_ABOUT_RETURN_TYPE = YES_ERROR;
				GCC_WARN_UNDECLARED_SELECTOR = YES;
				GCC_WARN_UNINITIALIZED_AUTOS = YES_AGGRESSIVE;
				GCC_WARN_UNUSED_FUNCTION = YES;
				GCC_WARN_UNUSED_VARIABLE = YES;
				IPHONEOS_DEPLOYMENT_TARGET = 15.0;
				MTL_ENABLE_DEBUG_INFO = NO;
				MTL_FAST_MATH = YES;
				SDKROOT = iphoneos;
				SWIFT_COMPILATION_MODE = wholemodule;
				SWIFT_OPTIMIZATION_LEVEL = "-O";
				VALIDATE_PRODUCT = YES;
			};
			name = Release;
		};
		4288491028DB8F010006CC29 /* Debug */ = {
			isa = XCBuildConfiguration;
			buildSettings = {
				ASSETCATALOG_COMPILER_APPICON_NAME = AppIcon;
				ASSETCATALOG_COMPILER_GLOBAL_ACCENT_COLOR_NAME = AccentColor;
				CODE_SIGN_STYLE = Automatic;
				CURRENT_PROJECT_VERSION = 1;
				DEVELOPMENT_ASSET_PATHS = "\"SportProducts/Preview Content\"";
				ENABLE_PREVIEWS = YES;
				GENERATE_INFOPLIST_FILE = YES;
				INFOPLIST_FILE = SportProducts/Info.plist;
				INFOPLIST_KEY_UIApplicationSceneManifest_Generation = YES;
				INFOPLIST_KEY_UIApplicationSupportsIndirectInputEvents = YES;
				INFOPLIST_KEY_UISupportedInterfaceOrientations = UIInterfaceOrientationPortrait;
				INFOPLIST_KEY_UISupportedInterfaceOrientations_iPad = "UIInterfaceOrientationPortrait UIInterfaceOrientationPortraitUpsideDown UIInterfaceOrientationLandscapeLeft UIInterfaceOrientationLandscapeRight";
				INFOPLIST_KEY_UISupportedInterfaceOrientations_iPhone = "UIInterfaceOrientationPortrait UIInterfaceOrientationLandscapeLeft UIInterfaceOrientationLandscapeRight";
				INFOPLIST_KEY_UIUserInterfaceStyle = Light;
				LD_RUNPATH_SEARCH_PATHS = (
					"$(inherited)",
					"@executable_path/Frameworks",
				);
				MARKETING_VERSION = 1.0;
				PRODUCT_BUNDLE_IDENTIFIER = com.ahmed.SportProducts;
				PRODUCT_NAME = "$(TARGET_NAME)";
				SWIFT_EMIT_LOC_STRINGS = YES;
				SWIFT_VERSION = 5.0;
				TARGETED_DEVICE_FAMILY = "1,2";
			};
			name = Debug;
		};
		4288491128DB8F010006CC29 /* Release */ = {
			isa = XCBuildConfiguration;
			buildSettings = {
				ASSETCATALOG_COMPILER_APPICON_NAME = AppIcon;
				ASSETCATALOG_COMPILER_GLOBAL_ACCENT_COLOR_NAME = AccentColor;
				CODE_SIGN_STYLE = Automatic;
				CURRENT_PROJECT_VERSION = 1;
				DEVELOPMENT_ASSET_PATHS = "\"SportProducts/Preview Content\"";
				ENABLE_PREVIEWS = YES;
				GENERATE_INFOPLIST_FILE = YES;
				INFOPLIST_FILE = SportProducts/Info.plist;
				INFOPLIST_KEY_UIApplicationSceneManifest_Generation = YES;
				INFOPLIST_KEY_UIApplicationSupportsIndirectInputEvents = YES;
				INFOPLIST_KEY_UISupportedInterfaceOrientations = UIInterfaceOrientationPortrait;
				INFOPLIST_KEY_UISupportedInterfaceOrientations_iPad = "UIInterfaceOrientationPortrait UIInterfaceOrientationPortraitUpsideDown UIInterfaceOrientationLandscapeLeft UIInterfaceOrientationLandscapeRight";
				INFOPLIST_KEY_UISupportedInterfaceOrientations_iPhone = "UIInterfaceOrientationPortrait UIInterfaceOrientationLandscapeLeft UIInterfaceOrientationLandscapeRight";
				INFOPLIST_KEY_UIUserInterfaceStyle = Light;
				LD_RUNPATH_SEARCH_PATHS = (
					"$(inherited)",
					"@executable_path/Frameworks",
				);
				MARKETING_VERSION = 1.0;
				PRODUCT_BUNDLE_IDENTIFIER = com.ahmed.SportProducts;
				PRODUCT_NAME = "$(TARGET_NAME)";
				SWIFT_EMIT_LOC_STRINGS = YES;
				SWIFT_VERSION = 5.0;
				TARGETED_DEVICE_FAMILY = "1,2";
			};
			name = Release;
		};
/* End XCBuildConfiguration section */

/* Begin XCConfigurationList section */
		428848FC28DB8EFF0006CC29 /* Build configuration list for PBXProject "SportProducts" */ = {
			isa = XCConfigurationList;
			buildConfigurations = (
				4288490D28DB8F010006CC29 /* Debug */,
				4288490E28DB8F010006CC29 /* Release */,
			);
			defaultConfigurationIsVisible = 0;
			defaultConfigurationName = Release;
		};
		4288490F28DB8F010006CC29 /* Build configuration list for PBXNativeTarget "SportProducts" */ = {
			isa = XCConfigurationList;
			buildConfigurations = (
				4288491028DB8F010006CC29 /* Debug */,
				4288491128DB8F010006CC29 /* Release */,
			);
			defaultConfigurationIsVisible = 0;
			defaultConfigurationName = Release;
		};
/* End XCConfigurationList section */
	};
	rootObject = 428848F928DB8EFF0006CC29 /* Project object */;
}
